
Microsoft Visual Studio Solution File, Format Version 12.00
# Visual Studio Version 17
VisualStudioVersion = 17.5.33530.505
MinimumVisualStudioVersion = 10.0.40219.1
Project("{FAE04EC0-301F-11D3-BF4B-00C04F79EFBC}") = "GraphQL.Polymorphism", "GraphQL.Polymorphism\GraphQL.Polymorphism.csproj", "{7DCBF7D1-56F9-4299-8B4C-4D18E3755A69}"
EndProject
Global
	GlobalSection(SolutionConfigurationPlatforms) = preSolution
		Debug|Any CPU = Debug|Any CPU
		Release|Any CPU = Release|Any CPU
	EndGlobalSection
	GlobalSection(ProjectConfigurationPlatforms) = postSolution
		{7DCBF7D1-56F9-4299-8B4C-4D18E3755A69}.Debug|Any CPU.ActiveCfg = Debug|Any CPU
		{7DCBF7D1-56F9-4299-8B4C-4D18E3755A69}.Debug|Any CPU.Build.0 = Debug|Any CPU
		{7DCBF7D1-56F9-4299-8B4C-4D18E3755A69}.Release|Any CPU.ActiveCfg = Release|Any CPU
		{7DCBF7D1-56F9-4299-8B4C-4D18E3755A69}.Release|Any CPU.Build.0 = Release|Any CPU
	EndGlobalSection
	GlobalSection(SolutionProperties) = preSolution
		HideSolutionNode = FALSE
	EndGlobalSection
	GlobalSection(ExtensibilityGlobals) = postSolution
		SolutionGuid = {9AD0BD0E-69F5-4A65-BF9B-2B20BEC6451E}
	EndGlobalSection
EndGlobal
